
Microsoft Visual Studio Solution File, Format Version 12.00
# Visual Studio Version 17
VisualStudioVersion = 17.5.33502.453
MinimumVisualStudioVersion = 10.0.40219.1
Project("{FAE04EC0-301F-11D3-BF4B-00C04F79EFBC}") = "08.  Countries REST API", "08.  Countries REST API.csproj", "{B802878A-B0A3-4E91-98CD-F5BCDDD476A0}"
EndProject
Global
	GlobalSection(SolutionConfigurationPlatforms) = preSolution
		Debug|Any CPU = Debug|Any CPU
		Release|Any CPU = Release|Any CPU
	EndGlobalSection
	GlobalSection(ProjectConfigurationPlatforms) = postSolution
		{B802878A-B0A3-4E91-98CD-F5BCDDD476A0}.Debug|Any CPU.ActiveCfg = Debug|Any CPU
		{B802878A-B0A3-4E91-98CD-F5BCDDD476A0}.Debug|Any CPU.Build.0 = Debug|Any CPU
		{B802878A-B0A3-4E91-98CD-F5BCDDD476A0}.Release|Any CPU.ActiveCfg = Release|Any CPU
		{B802878A-B0A3-4E91-98CD-F5BCDDD476A0}.Release|Any CPU.Build.0 = Release|Any CPU
	EndGlobalSection
	GlobalSection(SolutionProperties) = preSolution
		HideSolutionNode = FALSE
	EndGlobalSection
	GlobalSection(ExtensibilityGlobals) = postSolution
		SolutionGuid = {3A259FEF-9969-401F-8207-11BD18F9CB87}
	EndGlobalSection
EndGlobal
