
Microsoft Visual Studio Solution File, Format Version 12.00
# Visual Studio Version 17
VisualStudioVersion = 17.5.33502.453
MinimumVisualStudioVersion = 10.0.40219.1
Project("{FAE04EC0-301F-11D3-BF4B-00C04F79EFBC}") = "05.  StairsCountVariants", "05.  StairsCountVariants.csproj", "{36712DDC-172D-4F25-85BA-28489BCCF4AB}"
EndProject
Global
	GlobalSection(SolutionConfigurationPlatforms) = preSolution
		Debug|Any CPU = Debug|Any CPU
		Release|Any CPU = Release|Any CPU
	EndGlobalSection
	GlobalSection(ProjectConfigurationPlatforms) = postSolution
		{36712DDC-172D-4F25-85BA-28489BCCF4AB}.Debug|Any CPU.ActiveCfg = Debug|Any CPU
		{36712DDC-172D-4F25-85BA-28489BCCF4AB}.Debug|Any CPU.Build.0 = Debug|Any CPU
		{36712DDC-172D-4F25-85BA-28489BCCF4AB}.Release|Any CPU.ActiveCfg = Release|Any CPU
		{36712DDC-172D-4F25-85BA-28489BCCF4AB}.Release|Any CPU.Build.0 = Release|Any CPU
	EndGlobalSection
	GlobalSection(SolutionProperties) = preSolution
		HideSolutionNode = FALSE
	EndGlobalSection
	GlobalSection(ExtensibilityGlobals) = postSolution
		SolutionGuid = {5F66067E-8554-4C10-937B-464F53B70272}
	EndGlobalSection
EndGlobal
